
Microsoft Visual Studio Solution File, Format Version 12.00
# Visual Studio Version 17
VisualStudioVersion = 17.8.34330.188
MinimumVisualStudioVersion = 10.0.40219.1
Project("{FAE04EC0-301F-11D3-BF4B-00C04F79EFBC}") = "EntityFrameworkSamples", "EntityFrameworkSamples\EntityFrameworkSamples.csproj", "{6991C093-291D-482B-95C6-EF55CB10C05D}"
EndProject
Global
	GlobalSection(SolutionConfigurationPlatforms) = preSolution
		Debug|Any CPU = Debug|Any CPU
		Release|Any CPU = Release|Any CPU
	EndGlobalSection
	GlobalSection(ProjectConfigurationPlatforms) = postSolution
		{6991C093-291D-482B-95C6-EF55CB10C05D}.Debug|Any CPU.ActiveCfg = Debug|Any CPU
		{6991C093-291D-482B-95C6-EF55CB10C05D}.Debug|Any CPU.Build.0 = Debug|Any CPU
		{6991C093-291D-482B-95C6-EF55CB10C05D}.Release|Any CPU.ActiveCfg = Release|Any CPU
		{6991C093-291D-482B-95C6-EF55CB10C05D}.Release|Any CPU.Build.0 = Release|Any CPU
	EndGlobalSection
	GlobalSection(SolutionProperties) = preSolution
		HideSolutionNode = FALSE
	EndGlobalSection
	GlobalSection(ExtensibilityGlobals) = postSolution
		SolutionGuid = {B46EBA46-563F-4D47-961C-A8C24F93BCB7}
	EndGlobalSection
EndGlobal
